
Microsoft Visual Studio Solution File, Format Version 12.00
# Visual Studio Version 17
VisualStudioVersion = 17.3.32922.545
MinimumVisualStudioVersion = 10.0.40219.1
Project("{9A19103F-16F7-4668-BE54-9A1E7A4F7556}") = "TwitterStatistics", "TwitterStatistics\TwitterStatistics.csproj", "{35D51D22-9124-417D-B86C-B6B161DC84B3}"
EndProject
Project("{9A19103F-16F7-4668-BE54-9A1E7A4F7556}") = "TwitterStatistics.Test", "TwitterStatistics.Test\TwitterStatistics.Test.csproj", "{5C1FD934-4003-432F-A2DD-46C0D8C21342}"
EndProject
Project("{FAE04EC0-301F-11D3-BF4B-00C04F79EFBC}") = "TwitterStatistics.IntegrationTests", "TwitterStatistics.IntegrationTests\TwitterStatistics.IntegrationTests.csproj", "{C56F4AE2-13A1-42A5-8B7F-ACEFB824F1F7}"
EndProject
Global
	GlobalSection(SolutionConfigurationPlatforms) = preSolution
		Debug|Any CPU = Debug|Any CPU
		Release|Any CPU = Release|Any CPU
	EndGlobalSection
	GlobalSection(ProjectConfigurationPlatforms) = postSolution
		{35D51D22-9124-417D-B86C-B6B161DC84B3}.Debug|Any CPU.ActiveCfg = Debug|Any CPU
		{35D51D22-9124-417D-B86C-B6B161DC84B3}.Debug|Any CPU.Build.0 = Debug|Any CPU
		{35D51D22-9124-417D-B86C-B6B161DC84B3}.Release|Any CPU.ActiveCfg = Release|Any CPU
		{35D51D22-9124-417D-B86C-B6B161DC84B3}.Release|Any CPU.Build.0 = Release|Any CPU
		{5C1FD934-4003-432F-A2DD-46C0D8C21342}.Debug|Any CPU.ActiveCfg = Debug|Any CPU
		{5C1FD934-4003-432F-A2DD-46C0D8C21342}.Debug|Any CPU.Build.0 = Debug|Any CPU
		{5C1FD934-4003-432F-A2DD-46C0D8C21342}.Release|Any CPU.ActiveCfg = Release|Any CPU
		{5C1FD934-4003-432F-A2DD-46C0D8C21342}.Release|Any CPU.Build.0 = Release|Any CPU
		{C56F4AE2-13A1-42A5-8B7F-ACEFB824F1F7}.Debug|Any CPU.ActiveCfg = Debug|Any CPU
		{C56F4AE2-13A1-42A5-8B7F-ACEFB824F1F7}.Debug|Any CPU.Build.0 = Debug|Any CPU
		{C56F4AE2-13A1-42A5-8B7F-ACEFB824F1F7}.Release|Any CPU.ActiveCfg = Release|Any CPU
		{C56F4AE2-13A1-42A5-8B7F-ACEFB824F1F7}.Release|Any CPU.Build.0 = Release|Any CPU
	EndGlobalSection
	GlobalSection(SolutionProperties) = preSolution
		HideSolutionNode = FALSE
	EndGlobalSection
	GlobalSection(ExtensibilityGlobals) = postSolution
		SolutionGuid = {7EB76ABC-CF2F-4DFD-8775-D71690D007AF}
	EndGlobalSection
EndGlobal
